
Microsoft Visual Studio Solution File, Format Version 12.00
# Visual Studio Version 17
VisualStudioVersion = 17.14.36908.2 d17.14
MinimumVisualStudioVersion = 10.0.40219.1
Project("{FAE04EC0-301F-11D3-BF4B-00C04F79EFBC}") = "WebAPI", "WebAPI\WebAPI.csproj", "{9E1828A9-8659-48BB-9FDF-0AA98CA67D3D}"
EndProject
Global
	GlobalSection(SolutionConfigurationPlatforms) = preSolution
		Debug|Any CPU = Debug|Any CPU
		Release|Any CPU = Release|Any CPU
	EndGlobalSection
	GlobalSection(ProjectConfigurationPlatforms) = postSolution
		{9E1828A9-8659-48BB-9FDF-0AA98CA67D3D}.Debug|Any CPU.ActiveCfg = Debug|Any CPU
		{9E1828A9-8659-48BB-9FDF-0AA98CA67D3D}.Debug|Any CPU.Build.0 = Debug|Any CPU
		{9E1828A9-8659-48BB-9FDF-0AA98CA67D3D}.Release|Any CPU.ActiveCfg = Release|Any CPU
		{9E1828A9-8659-48BB-9FDF-0AA98CA67D3D}.Release|Any CPU.Build.0 = Release|Any CPU
	EndGlobalSection
	GlobalSection(SolutionProperties) = preSolution
		HideSolutionNode = FALSE
	EndGlobalSection
	GlobalSection(ExtensibilityGlobals) = postSolution
		SolutionGuid = {A0F8B80B-C9B1-4773-B86C-B628AEE4444A}
	EndGlobalSection
EndGlobal
